PODS:
  - NMapsGeometry (1.0.1)
  - NMapsMap (3.17.0):
    - NMapsGeometry
  - SnapKit (5.7.1)
  - Then (3.0.0)

DEPENDENCIES:
  - NMapsMap
  - SnapKit
  - Then

SPEC REPOS:
  trunk:
    - NMapsGeometry
    - NMapsMap
    - SnapKit
    - Then

SPEC CHECKSUMS:
  NMapsGeometry: 53c573ead66466681cf123f99f698dc8071a4b83
  NMapsMap: a5b909a31b6f3d27a670f6eb2ddc913c38975474
  SnapKit: d612e99e678a2d3b95bf60b0705ed0a35c03484a
  Then: 844265ae87834bbe1147d91d5d41a404da2ec27d

PODFILE CHECKSUM: 27646ac6cfb8fdafd45f867d1fa8111127e97cc6

COCOAPODS: 1.15.2
